Microsoft Visual Studio Solution File, Format Version 11.00
# Visual Studio 2008

Project("{81AD9B1D-5055-211C-16E4-28F744060D94}") = "KayaGame", "Assembly-CSharp.csproj", "{BFEDEC06-E0B2-8788-BD3E-15AC6D5C1257}"
EndProject
Global
	GlobalSection(SolutionConfigurationPlatforms) = preSolution
		Debug|Any CPU = Debug|Any CPU
		Release|Any CPU = Release|Any CPU
	EndGlobalSection
	GlobalSection(ProjectConfigurationPlatforms) = postSolution
		{BFEDEC06-E0B2-8788-BD3E-15AC6D5C1257}.Debug|Any CPU.ActiveCfg = Debug|Any CPU
		{BFEDEC06-E0B2-8788-BD3E-15AC6D5C1257}.Debug|Any CPU.Build.0 = Debug|Any CPU
		{BFEDEC06-E0B2-8788-BD3E-15AC6D5C1257}.Release|Any CPU.ActiveCfg = Release|Any CPU
		{BFEDEC06-E0B2-8788-BD3E-15AC6D5C1257}.Release|Any CPU.Build.0 = Release|Any CPU
	EndGlobalSection
	GlobalSection(SolutionProperties) = preSolution
		HideSolutionNode = FALSE
	EndGlobalSection
	GlobalSection(MonoDevelopProperties) = preSolution
		StartupItem = Assembly-CSharp.csproj
	EndGlobalSection
EndGlobal
